
Microsoft Visual Studio Solution File, Format Version 10.00
# Visual Studio 2008
Project("{FAE04EC0-301F-11D3-BF4B-00C04F79EFBC}") = "RubikSolverSample", "RubikSolverSample\RubikSolverSample.csproj", "{CDD3190B-C41A-4B90-9923-7E87103FBD98}"
EndProject
Global
	GlobalSection(SolutionConfigurationPlatforms) = preSolution
		Debug|Any CPU = Debug|Any CPU
		Release|Any CPU = Release|Any CPU
	EndGlobalSection
	GlobalSection(ProjectConfigurationPlatforms) = postSolution
		{CDD3190B-C41A-4B90-9923-7E87103FBD98}.Debug|Any CPU.ActiveCfg = Debug|Any CPU
		{CDD3190B-C41A-4B90-9923-7E87103FBD98}.Debug|Any CPU.Build.0 = Debug|Any CPU
		{CDD3190B-C41A-4B90-9923-7E87103FBD98}.Release|Any CPU.ActiveCfg = Release|Any CPU
		{CDD3190B-C41A-4B90-9923-7E87103FBD98}.Release|Any CPU.Build.0 = Release|Any CPU
	EndGlobalSection
	GlobalSection(SolutionProperties) = preSolution
		HideSolutionNode = FALSE
	EndGlobalSection
EndGlobal
